
Microsoft Visual Studio Solution File, Format Version 12.00
# Visual Studio Version 17
VisualStudioVersion = 17.10.35013.160
MinimumVisualStudioVersion = 10.0.40219.1
Project("{FAE04EC0-301F-11D3-BF4B-00C04F79EFBC}") = "TarimUrunleriTakipSistemi", "TarimUrunleriTakipSistemi\TarimUrunleriTakipSistemi.csproj", "{F65A3412-ED12-4126-8FC2-AB9A11D5B105}"
EndProject
Global
	GlobalSection(SolutionConfigurationPlatforms) = preSolution
		Debug|Any CPU = Debug|Any CPU
		Release|Any CPU = Release|Any CPU
	EndGlobalSection
	GlobalSection(ProjectConfigurationPlatforms) = postSolution
		{F65A3412-ED12-4126-8FC2-AB9A11D5B105}.Debug|Any CPU.ActiveCfg = Debug|Any CPU
		{F65A3412-ED12-4126-8FC2-AB9A11D5B105}.Debug|Any CPU.Build.0 = Debug|Any CPU
		{F65A3412-ED12-4126-8FC2-AB9A11D5B105}.Release|Any CPU.ActiveCfg = Release|Any CPU
		{F65A3412-ED12-4126-8FC2-AB9A11D5B105}.Release|Any CPU.Build.0 = Release|Any CPU
	EndGlobalSection
	GlobalSection(SolutionProperties) = preSolution
		HideSolutionNode = FALSE
	EndGlobalSection
	GlobalSection(ExtensibilityGlobals) = postSolution
		SolutionGuid = {6FB6406F-00B0-4B66-8E5E-76DF26B19701}
	EndGlobalSection
EndGlobal
